
Microsoft Visual Studio Solution File, Format Version 12.00
# Visual Studio Version 17
VisualStudioVersion = 17.3.32929.385
MinimumVisualStudioVersion = 10.0.40219.1
Project("{9A19103F-16F7-4668-BE54-9A1E7A4F7556}") = "WebAppDialogflow", "WebAppDialogflow\WebAppDialogflow.csproj", "{626DA379-7662-44BA-95AE-67F5B7FEB19D}"
EndProject
Global
	GlobalSection(SolutionConfigurationPlatforms) = preSolution
		Debug|Any CPU = Debug|Any CPU
		Release|Any CPU = Release|Any CPU
	EndGlobalSection
	GlobalSection(ProjectConfigurationPlatforms) = postSolution
		{626DA379-7662-44BA-95AE-67F5B7FEB19D}.Debug|Any CPU.ActiveCfg = Debug|Any CPU
		{626DA379-7662-44BA-95AE-67F5B7FEB19D}.Debug|Any CPU.Build.0 = Debug|Any CPU
		{626DA379-7662-44BA-95AE-67F5B7FEB19D}.Release|Any CPU.ActiveCfg = Release|Any CPU
		{626DA379-7662-44BA-95AE-67F5B7FEB19D}.Release|Any CPU.Build.0 = Release|Any CPU
	EndGlobalSection
	GlobalSection(SolutionProperties) = preSolution
		HideSolutionNode = FALSE
	EndGlobalSection
	GlobalSection(ExtensibilityGlobals) = postSolution
		SolutionGuid = {B37F3AB1-4F7F-44CD-9743-205C46F4E90F}
	EndGlobalSection
EndGlobal
